
Microsoft Visual Studio Solution File, Format Version 12.00
# Visual Studio 15
VisualStudioVersion = 15.0.28307.1022
MinimumVisualStudioVersion = 10.0.40219.1
Project("{FAE04EC0-301F-11D3-BF4B-00C04F79EFBC}") = "MaterialDesignExample", "MaterialDesignExample\MaterialDesignExample.csproj", "{E55F9C03-9DEA-44D3-998A-7E55B0AFBDF2}"
EndProject
Global
	GlobalSection(SolutionConfigurationPlatforms) = preSolution
		Debug|Any CPU = Debug|Any CPU
		Release|Any CPU = Release|Any CPU
	EndGlobalSection
	GlobalSection(ProjectConfigurationPlatforms) = postSolution
		{E55F9C03-9DEA-44D3-998A-7E55B0AFBDF2}.Debug|Any CPU.ActiveCfg = Debug|Any CPU
		{E55F9C03-9DEA-44D3-998A-7E55B0AFBDF2}.Debug|Any CPU.Build.0 = Debug|Any CPU
		{E55F9C03-9DEA-44D3-998A-7E55B0AFBDF2}.Release|Any CPU.ActiveCfg = Release|Any CPU
		{E55F9C03-9DEA-44D3-998A-7E55B0AFBDF2}.Release|Any CPU.Build.0 = Release|Any CPU
	EndGlobalSection
	GlobalSection(SolutionProperties) = preSolution
		HideSolutionNode = FALSE
	EndGlobalSection
	GlobalSection(ExtensibilityGlobals) = postSolution
		SolutionGuid = {35D45A0F-93E4-4E5C-8566-A8E68AF9EABF}
	EndGlobalSection
EndGlobal
