
Microsoft Visual Studio Solution File, Format Version 12.00
# Visual Studio 15
VisualStudioVersion = 15.0.28307.1082
MinimumVisualStudioVersion = 10.0.40219.1
Project("{FAE04EC0-301F-11D3-BF4B-00C04F79EFBC}") = "LINQ.DEMO1", "LINQ.DEMO1\LINQ.DEMO1.csproj", "{4ADA8B86-A729-4DDF-A3A4-BF36048EDCF2}"
EndProject
Global
	GlobalSection(SolutionConfigurationPlatforms) = preSolution
		Debug|Any CPU = Debug|Any CPU
		Release|Any CPU = Release|Any CPU
	EndGlobalSection
	GlobalSection(ProjectConfigurationPlatforms) = postSolution
		{4ADA8B86-A729-4DDF-A3A4-BF36048EDCF2}.Debug|Any CPU.ActiveCfg = Debug|Any CPU
		{4ADA8B86-A729-4DDF-A3A4-BF36048EDCF2}.Debug|Any CPU.Build.0 = Debug|Any CPU
		{4ADA8B86-A729-4DDF-A3A4-BF36048EDCF2}.Release|Any CPU.ActiveCfg = Release|Any CPU
		{4ADA8B86-A729-4DDF-A3A4-BF36048EDCF2}.Release|Any CPU.Build.0 = Release|Any CPU
	EndGlobalSection
	GlobalSection(SolutionProperties) = preSolution
		HideSolutionNode = FALSE
	EndGlobalSection
	GlobalSection(ExtensibilityGlobals) = postSolution
		SolutionGuid = {BE062F0B-7E6A-4046-BA1E-745EB26EF729}
	EndGlobalSection
EndGlobal
