
Microsoft Visual Studio Solution File, Format Version 12.00
# Visual Studio 15
VisualStudioVersion = 15.0.28307.960
MinimumVisualStudioVersion = 10.0.40219.1
Project("{FAE04EC0-301F-11D3-BF4B-00C04F79EFBC}") = "delegation1", "delegation1\delegation1.csproj", "{ABCF8D1B-931C-413A-8645-80E33F94DC72}"
EndProject
Global
	GlobalSection(SolutionConfigurationPlatforms) = preSolution
		Debug|Any CPU = Debug|Any CPU
		Release|Any CPU = Release|Any CPU
	EndGlobalSection
	GlobalSection(ProjectConfigurationPlatforms) = postSolution
		{ABCF8D1B-931C-413A-8645-80E33F94DC72}.Debug|Any CPU.ActiveCfg = Debug|Any CPU
		{ABCF8D1B-931C-413A-8645-80E33F94DC72}.Debug|Any CPU.Build.0 = Debug|Any CPU
		{ABCF8D1B-931C-413A-8645-80E33F94DC72}.Release|Any CPU.ActiveCfg = Release|Any CPU
		{ABCF8D1B-931C-413A-8645-80E33F94DC72}.Release|Any CPU.Build.0 = Release|Any CPU
	EndGlobalSection
	GlobalSection(SolutionProperties) = preSolution
		HideSolutionNode = FALSE
	EndGlobalSection
	GlobalSection(ExtensibilityGlobals) = postSolution
		SolutionGuid = {21C05E84-28EB-4141-8343-103D4CF322B0}
	EndGlobalSection
EndGlobal
