
Microsoft Visual Studio Solution File, Format Version 12.00
# Visual Studio 15
VisualStudioVersion = 15.0.28307.1259
MinimumVisualStudioVersion = 10.0.40219.1
Project("{FAE04EC0-301F-11D3-BF4B-00C04F79EFBC}") = "WebShop", "WebShop\WebShop.csproj", "{5F50FC6E-D9AA-4947-BB46-DE9BC61B34DD}"
EndProject
Project("{FAE04EC0-301F-11D3-BF4B-00C04F79EFBC}") = "DAL", "DAL\DAL.csproj", "{E0044A70-6214-4FA8-B8B4-A416AFAC4816}"
EndProject
Global
	GlobalSection(SolutionConfigurationPlatforms) = preSolution
		Debug|Any CPU = Debug|Any CPU
		Release|Any CPU = Release|Any CPU
	EndGlobalSection
	GlobalSection(ProjectConfigurationPlatforms) = postSolution
		{5F50FC6E-D9AA-4947-BB46-DE9BC61B34DD}.Debug|Any CPU.ActiveCfg = Debug|Any CPU
		{5F50FC6E-D9AA-4947-BB46-DE9BC61B34DD}.Debug|Any CPU.Build.0 = Debug|Any CPU
		{5F50FC6E-D9AA-4947-BB46-DE9BC61B34DD}.Release|Any CPU.ActiveCfg = Release|Any CPU
		{5F50FC6E-D9AA-4947-BB46-DE9BC61B34DD}.Release|Any CPU.Build.0 = Release|Any CPU
		{E0044A70-6214-4FA8-B8B4-A416AFAC4816}.Debug|Any CPU.ActiveCfg = Debug|Any CPU
		{E0044A70-6214-4FA8-B8B4-A416AFAC4816}.Debug|Any CPU.Build.0 = Debug|Any CPU
		{E0044A70-6214-4FA8-B8B4-A416AFAC4816}.Release|Any CPU.ActiveCfg = Release|Any CPU
		{E0044A70-6214-4FA8-B8B4-A416AFAC4816}.Release|Any CPU.Build.0 = Release|Any CPU
	EndGlobalSection
	GlobalSection(SolutionProperties) = preSolution
		HideSolutionNode = FALSE
	EndGlobalSection
	GlobalSection(ExtensibilityGlobals) = postSolution
		SolutionGuid = {1D745F66-617A-41E2-AD3F-1454370E89DB}
	EndGlobalSection
EndGlobal
