
Microsoft Visual Studio Solution File, Format Version 12.00
# Visual Studio 15
VisualStudioVersion = 15.0.28307.902
MinimumVisualStudioVersion = 10.0.40219.1
Project("{FAE04EC0-301F-11D3-BF4B-00C04F79EFBC}") = "parshel классы", "parshel классы\parshel классы.csproj", "{A556A467-FB25-4745-B6F6-88F5004489FD}"
EndProject
Global
	GlobalSection(SolutionConfigurationPlatforms) = preSolution
		Debug|Any CPU = Debug|Any CPU
		Release|Any CPU = Release|Any CPU
	EndGlobalSection
	GlobalSection(ProjectConfigurationPlatforms) = postSolution
		{A556A467-FB25-4745-B6F6-88F5004489FD}.Debug|Any CPU.ActiveCfg = Debug|Any CPU
		{A556A467-FB25-4745-B6F6-88F5004489FD}.Debug|Any CPU.Build.0 = Debug|Any CPU
		{A556A467-FB25-4745-B6F6-88F5004489FD}.Release|Any CPU.ActiveCfg = Release|Any CPU
		{A556A467-FB25-4745-B6F6-88F5004489FD}.Release|Any CPU.Build.0 = Release|Any CPU
	EndGlobalSection
	GlobalSection(SolutionProperties) = preSolution
		HideSolutionNode = FALSE
	EndGlobalSection
	GlobalSection(ExtensibilityGlobals) = postSolution
		SolutionGuid = {682C1094-F47D-4770-BB40-5530FFF03140}
	EndGlobalSection
EndGlobal
