
Microsoft Visual Studio Solution File, Format Version 12.00
# Visual Studio 15
VisualStudioVersion = 15.0.28307.1062
MinimumVisualStudioVersion = 10.0.40219.1
Project("{FAE04EC0-301F-11D3-BF4B-00C04F79EFBC}") = "DeliveryService", "DeliveryService\DeliveryService.csproj", "{921EFA4F-67B1-45A0-994E-12FAD925E3B0}"
EndProject
Global
	GlobalSection(SolutionConfigurationPlatforms) = preSolution
		Debug|Any CPU = Debug|Any CPU
		Release|Any CPU = Release|Any CPU
	EndGlobalSection
	GlobalSection(ProjectConfigurationPlatforms) = postSolution
		{921EFA4F-67B1-45A0-994E-12FAD925E3B0}.Debug|Any CPU.ActiveCfg = Debug|Any CPU
		{921EFA4F-67B1-45A0-994E-12FAD925E3B0}.Debug|Any CPU.Build.0 = Debug|Any CPU
		{921EFA4F-67B1-45A0-994E-12FAD925E3B0}.Release|Any CPU.ActiveCfg = Release|Any CPU
		{921EFA4F-67B1-45A0-994E-12FAD925E3B0}.Release|Any CPU.Build.0 = Release|Any CPU
	EndGlobalSection
	GlobalSection(SolutionProperties) = preSolution
		HideSolutionNode = FALSE
	EndGlobalSection
	GlobalSection(ExtensibilityGlobals) = postSolution
		SolutionGuid = {99E667E5-58B3-4804-B053-E37B5DE895CF}
	EndGlobalSection
EndGlobal
