
Microsoft Visual Studio Solution File, Format Version 12.00
# Visual Studio 15
VisualStudioVersion = 15.0.28307.1022
MinimumVisualStudioVersion = 10.0.40219.1
Project("{FAE04EC0-301F-11D3-BF4B-00C04F79EFBC}") = "GraphicRedactor", "GraphicRedactor\GraphicRedactor.csproj", "{C0D1C7DE-12F0-482D-A16B-980548C47565}"
EndProject
Global
	GlobalSection(SolutionConfigurationPlatforms) = preSolution
		Debug|Any CPU = Debug|Any CPU
		Release|Any CPU = Release|Any CPU
	EndGlobalSection
	GlobalSection(ProjectConfigurationPlatforms) = postSolution
		{C0D1C7DE-12F0-482D-A16B-980548C47565}.Debug|Any CPU.ActiveCfg = Debug|Any CPU
		{C0D1C7DE-12F0-482D-A16B-980548C47565}.Debug|Any CPU.Build.0 = Debug|Any CPU
		{C0D1C7DE-12F0-482D-A16B-980548C47565}.Release|Any CPU.ActiveCfg = Release|Any CPU
		{C0D1C7DE-12F0-482D-A16B-980548C47565}.Release|Any CPU.Build.0 = Release|Any CPU
	EndGlobalSection
	GlobalSection(SolutionProperties) = preSolution
		HideSolutionNode = FALSE
	EndGlobalSection
	GlobalSection(ExtensibilityGlobals) = postSolution
		SolutionGuid = {1AF05A9D-4248-4243-9B83-B64F68F75BC6}
	EndGlobalSection
EndGlobal
