
Microsoft Visual Studio Solution File, Format Version 12.00
# Visual Studio 15
VisualStudioVersion = 15.0.28307.960
MinimumVisualStudioVersion = 10.0.40219.1
Project("{FAE04EC0-301F-11D3-BF4B-00C04F79EFBC}") = "HR_Department", "HR_Department\HR_Department.csproj", "{0B9F559E-4320-4DCC-86C1-3EA346CA485E}"
EndProject
Global
	GlobalSection(SolutionConfigurationPlatforms) = preSolution
		Debug|Any CPU = Debug|Any CPU
		Release|Any CPU = Release|Any CPU
	EndGlobalSection
	GlobalSection(ProjectConfigurationPlatforms) = postSolution
		{0B9F559E-4320-4DCC-86C1-3EA346CA485E}.Debug|Any CPU.ActiveCfg = Debug|Any CPU
		{0B9F559E-4320-4DCC-86C1-3EA346CA485E}.Debug|Any CPU.Build.0 = Debug|Any CPU
		{0B9F559E-4320-4DCC-86C1-3EA346CA485E}.Release|Any CPU.ActiveCfg = Release|Any CPU
		{0B9F559E-4320-4DCC-86C1-3EA346CA485E}.Release|Any CPU.Build.0 = Release|Any CPU
	EndGlobalSection
	GlobalSection(SolutionProperties) = preSolution
		HideSolutionNode = FALSE
	EndGlobalSection
	GlobalSection(ExtensibilityGlobals) = postSolution
		SolutionGuid = {12A61C41-BED1-4FA7-B4E6-1F18CAA5AB44}
	EndGlobalSection
EndGlobal
