
Microsoft Visual Studio Solution File, Format Version 12.00
# Visual Studio 15
VisualStudioVersion = 15.0.28307.1000
MinimumVisualStudioVersion = 10.0.40219.1
Project("{FAE04EC0-301F-11D3-BF4B-00C04F79EFBC}") = "Statistic1", "Statistic1\Statistic1.csproj", "{AFF133EE-359B-4239-AF9B-B259E1CE6A00}"
EndProject
Global
	GlobalSection(SolutionConfigurationPlatforms) = preSolution
		Debug|Any CPU = Debug|Any CPU
		Release|Any CPU = Release|Any CPU
	EndGlobalSection
	GlobalSection(ProjectConfigurationPlatforms) = postSolution
		{AFF133EE-359B-4239-AF9B-B259E1CE6A00}.Debug|Any CPU.ActiveCfg = Debug|Any CPU
		{AFF133EE-359B-4239-AF9B-B259E1CE6A00}.Debug|Any CPU.Build.0 = Debug|Any CPU
		{AFF133EE-359B-4239-AF9B-B259E1CE6A00}.Release|Any CPU.ActiveCfg = Release|Any CPU
		{AFF133EE-359B-4239-AF9B-B259E1CE6A00}.Release|Any CPU.Build.0 = Release|Any CPU
	EndGlobalSection
	GlobalSection(SolutionProperties) = preSolution
		HideSolutionNode = FALSE
	EndGlobalSection
	GlobalSection(ExtensibilityGlobals) = postSolution
		SolutionGuid = {91B305C9-12E5-46D7-B72D-EADDC357E78B}
	EndGlobalSection
EndGlobal
