
Microsoft Visual Studio Solution File, Format Version 12.00
# Visual Studio 15
VisualStudioVersion = 15.0.28307.1022
MinimumVisualStudioVersion = 10.0.40219.1
Project("{FAE04EC0-301F-11D3-BF4B-00C04F79EFBC}") = "MediaManager", "MediaManager\MediaManager.csproj", "{9059554E-8B54-47E4-962D-A2EFADF8D7BC}"
EndProject
Global
	GlobalSection(SolutionConfigurationPlatforms) = preSolution
		Debug|Any CPU = Debug|Any CPU
		Release|Any CPU = Release|Any CPU
	EndGlobalSection
	GlobalSection(ProjectConfigurationPlatforms) = postSolution
		{9059554E-8B54-47E4-962D-A2EFADF8D7BC}.Debug|Any CPU.ActiveCfg = Debug|Any CPU
		{9059554E-8B54-47E4-962D-A2EFADF8D7BC}.Debug|Any CPU.Build.0 = Debug|Any CPU
		{9059554E-8B54-47E4-962D-A2EFADF8D7BC}.Release|Any CPU.ActiveCfg = Release|Any CPU
		{9059554E-8B54-47E4-962D-A2EFADF8D7BC}.Release|Any CPU.Build.0 = Release|Any CPU
	EndGlobalSection
	GlobalSection(SolutionProperties) = preSolution
		HideSolutionNode = FALSE
	EndGlobalSection
	GlobalSection(ExtensibilityGlobals) = postSolution
		SolutionGuid = {ACE45465-53CA-4B01-A019-E4720EDA9590}
	EndGlobalSection
EndGlobal
