
Microsoft Visual Studio Solution File, Format Version 12.00
# Visual Studio 15
VisualStudioVersion = 15.0.28307.902
MinimumVisualStudioVersion = 10.0.40219.1
Project("{FAE04EC0-301F-11D3-BF4B-00C04F79EFBC}") = "Collection_generic", "Collection_generic\Collection_generic.csproj", "{094BFA1B-6EA3-4116-B344-E91CCD63075B}"
EndProject
Global
	GlobalSection(SolutionConfigurationPlatforms) = preSolution
		Debug|Any CPU = Debug|Any CPU
		Release|Any CPU = Release|Any CPU
	EndGlobalSection
	GlobalSection(ProjectConfigurationPlatforms) = postSolution
		{094BFA1B-6EA3-4116-B344-E91CCD63075B}.Debug|Any CPU.ActiveCfg = Debug|Any CPU
		{094BFA1B-6EA3-4116-B344-E91CCD63075B}.Debug|Any CPU.Build.0 = Debug|Any CPU
		{094BFA1B-6EA3-4116-B344-E91CCD63075B}.Release|Any CPU.ActiveCfg = Release|Any CPU
		{094BFA1B-6EA3-4116-B344-E91CCD63075B}.Release|Any CPU.Build.0 = Release|Any CPU
	EndGlobalSection
	GlobalSection(SolutionProperties) = preSolution
		HideSolutionNode = FALSE
	EndGlobalSection
	GlobalSection(ExtensibilityGlobals) = postSolution
		SolutionGuid = {EC0FCA39-463A-4AC2-B619-7273B95DFD14}
	EndGlobalSection
EndGlobal
