
Microsoft Visual Studio Solution File, Format Version 12.00
# Visual Studio 15
VisualStudioVersion = 15.0.28307.902
MinimumVisualStudioVersion = 10.0.40219.1
Project("{FAE04EC0-301F-11D3-BF4B-00C04F79EFBC}") = "Интерфейсы 2", "Интерфейсы 2\Интерфейсы 2.csproj", "{3AC985D5-F5B5-499E-BC78-CB1F71AD1E67}"
EndProject
Global
	GlobalSection(SolutionConfigurationPlatforms) = preSolution
		Debug|Any CPU = Debug|Any CPU
		Release|Any CPU = Release|Any CPU
	EndGlobalSection
	GlobalSection(ProjectConfigurationPlatforms) = postSolution
		{3AC985D5-F5B5-499E-BC78-CB1F71AD1E67}.Debug|Any CPU.ActiveCfg = Debug|Any CPU
		{3AC985D5-F5B5-499E-BC78-CB1F71AD1E67}.Debug|Any CPU.Build.0 = Debug|Any CPU
		{3AC985D5-F5B5-499E-BC78-CB1F71AD1E67}.Release|Any CPU.ActiveCfg = Release|Any CPU
		{3AC985D5-F5B5-499E-BC78-CB1F71AD1E67}.Release|Any CPU.Build.0 = Release|Any CPU
	EndGlobalSection
	GlobalSection(SolutionProperties) = preSolution
		HideSolutionNode = FALSE
	EndGlobalSection
	GlobalSection(ExtensibilityGlobals) = postSolution
		SolutionGuid = {169AD8FC-2697-4F07-8A3E-D5706C582364}
	EndGlobalSection
EndGlobal
