
Microsoft Visual Studio Solution File, Format Version 12.00
# Visual Studio 15
VisualStudioVersion = 15.0.28307.1209
MinimumVisualStudioVersion = 10.0.40219.1
Project("{FAE04EC0-301F-11D3-BF4B-00C04F79EFBC}") = "SWAPI_APP", "SWAPI_APP\SWAPI_APP.csproj", "{CF6FDB57-D196-4A76-86BE-58D91916BEFA}"
EndProject
Project("{FAE04EC0-301F-11D3-BF4B-00C04F79EFBC}") = "SWAPI_Lib", "SWAPI_Lib\SWAPI_Lib.csproj", "{E3530B41-5CE7-4F46-A662-4EF34E06A3D2}"
EndProject
Global
	GlobalSection(SolutionConfigurationPlatforms) = preSolution
		Debug|Any CPU = Debug|Any CPU
		Release|Any CPU = Release|Any CPU
	EndGlobalSection
	GlobalSection(ProjectConfigurationPlatforms) = postSolution
		{CF6FDB57-D196-4A76-86BE-58D91916BEFA}.Debug|Any CPU.ActiveCfg = Debug|Any CPU
		{CF6FDB57-D196-4A76-86BE-58D91916BEFA}.Debug|Any CPU.Build.0 = Debug|Any CPU
		{CF6FDB57-D196-4A76-86BE-58D91916BEFA}.Release|Any CPU.ActiveCfg = Release|Any CPU
		{CF6FDB57-D196-4A76-86BE-58D91916BEFA}.Release|Any CPU.Build.0 = Release|Any CPU
		{E3530B41-5CE7-4F46-A662-4EF34E06A3D2}.Debug|Any CPU.ActiveCfg = Debug|Any CPU
		{E3530B41-5CE7-4F46-A662-4EF34E06A3D2}.Debug|Any CPU.Build.0 = Debug|Any CPU
		{E3530B41-5CE7-4F46-A662-4EF34E06A3D2}.Release|Any CPU.ActiveCfg = Release|Any CPU
		{E3530B41-5CE7-4F46-A662-4EF34E06A3D2}.Release|Any CPU.Build.0 = Release|Any CPU
	EndGlobalSection
	GlobalSection(SolutionProperties) = preSolution
		HideSolutionNode = FALSE
	EndGlobalSection
	GlobalSection(ExtensibilityGlobals) = postSolution
		SolutionGuid = {D95C25D8-B693-4964-84CC-15D48105280D}
	EndGlobalSection
EndGlobal
